
Microsoft Visual Studio Solution File, Format Version 12.00
# Visual Studio 15
VisualStudioVersion = 15.0.28010.2046
MinimumVisualStudioVersion = 10.0.40219.1
Project("{FAE04EC0-301F-11D3-BF4B-00C04F79EFBC}") = "SIS_projekt", "SIS_projekt.csproj", "{5DECCCA6-5A2B-4A13-BB83-2A0E8787AA9E}"
EndProject
Global
	GlobalSection(SolutionConfigurationPlatforms) = preSolution
		Debug|Any CPU = Debug|Any CPU
		Release|Any CPU = Release|Any CPU
	EndGlobalSection
	GlobalSection(ProjectConfigurationPlatforms) = postSolution
		{5DECCCA6-5A2B-4A13-BB83-2A0E8787AA9E}.Debug|Any CPU.ActiveCfg = Debug|Any CPU
		{5DECCCA6-5A2B-4A13-BB83-2A0E8787AA9E}.Debug|Any CPU.Build.0 = Debug|Any CPU
		{5DECCCA6-5A2B-4A13-BB83-2A0E8787AA9E}.Release|Any CPU.ActiveCfg = Release|Any CPU
		{5DECCCA6-5A2B-4A13-BB83-2A0E8787AA9E}.Release|Any CPU.Build.0 = Release|Any CPU
	EndGlobalSection
	GlobalSection(SolutionProperties) = preSolution
		HideSolutionNode = FALSE
	EndGlobalSection
	GlobalSection(ExtensibilityGlobals) = postSolution
		SolutionGuid = {FA4C8D13-3AEA-4185-BC24-DC9EAE981F0B}
	EndGlobalSection
EndGlobal
